// !$*UTF8*$!
{
	archiveVersion = 1;
	classes = {
	};
	objectVersion = 50;
	objects = {

/* Begin PBXBuildFile section */
		0A110690213F1C9A00C87B4D /* main.cpp in Sources */ = {isa = PBXBuildFile; fileRef = 0A11068F213F1C9A00C87B4D /* main.cpp */; };
		0A11069B213F1CAF00C87B4D /* main.cpp in Sources */ = {isa = PBXBuildFile; fileRef = 0A11069A213F1CAF00C87B4D /* main.cpp */; };
		0A980FA0213F2D05003A110D /* main.cpp in Sources */ = {isa = PBXBuildFile; fileRef = 0A980F9F213F2D05003A110D /* main.cpp */; };
/* End PBXBuildFile section */

/* Begin PBXCopyFilesBuildPhase section */
		0A11068B213F1C9A00C87B4D /* CopyFiles */ = {
			isa = PBXCopyFilesBuildPhase;
			buildActionMask = 2147483647;
			dstPath = /usr/share/man/man1/;
			dstSubfolderSpec = 0;
			files = (
			);
			runOnlyForDeploymentPostprocessing = 1;
		};
		0A110696213F1CAF00C87B4D /* CopyFiles */ = {
			isa = PBXCopyFilesBuildPhase;
			buildActionMask = 2147483647;
			dstPath = /usr/share/man/man1/;
			dstSubfolderSpec = 0;
			files = (
			);
			runOnlyForDeploymentPostprocessing = 1;
		};
		0A980F9B213F2D05003A110D /* CopyFiles */ = {
			isa = PBXCopyFilesBuildPhase;
			buildActionMask = 2147483647;
			dstPath = /usr/share/man/man1/;
			dstSubfolderSpec = 0;
			files = (
			);
			runOnlyForDeploymentPostprocessing = 1;
		};
/* End PBXCopyFilesBuildPhase section */

/* Begin PBXFileReference section */
		0A11068D213F1C9A00C87B4D /* encoder */ = {isa = PBXFileReference; explicitFileType = "compiled.mach-o.executable"; includeInIndex = 0; path = encoder; sourceTree = BUILT_PRODUCTS_DIR; };
		0A11068F213F1C9A00C87B4D /* main.cpp */ = {isa = PBXFileReference; lastKnownFileType = sourcecode.cpp.cpp; path = main.cpp; sourceTree = "<group>"; };
		0A110698213F1CAF00C87B4D /* decoder */ = {isa = PBXFileReference; explicitFileType = "compiled.mach-o.executable"; includeInIndex = 0; path = decoder; sourceTree = BUILT_PRODUCTS_DIR; };
		0A11069A213F1CAF00C87B4D /* main.cpp */ = {isa = PBXFileReference; lastKnownFileType = sourcecode.cpp.cpp; path = main.cpp; sourceTree = "<group>"; };
		0A980F9D213F2D05003A110D /* binaryOut */ = {isa = PBXFileReference; explicitFileType = "compiled.mach-o.executable"; includeInIndex = 0; path = binaryOut; sourceTree = BUILT_PRODUCTS_DIR; };
		0A980F9F213F2D05003A110D /* main.cpp */ = {isa = PBXFileReference; lastKnownFileType = sourcecode.cpp.cpp; path = main.cpp; sourceTree = "<group>"; };
/* End PBXFileReference section */

/* Begin PBXFrameworksBuildPhase section */
		0A11068A213F1C9A00C87B4D /* Frameworks */ = {
			isa = PBXFrameworksBuildPhase;
			buildActionMask = 2147483647;
			files = (
			);
			runOnlyForDeploymentPostprocessing = 0;
		};
		0A110695213F1CAF00C87B4D /* Frameworks */ = {
			isa = PBXFrameworksBuildPhase;
			buildActionMask = 2147483647;
			files = (
			);
			runOnlyForDeploymentPostprocessing = 0;
		};
		0A980F9A213F2D05003A110D /* Frameworks */ = {
			isa = PBXFrameworksBuildPhase;
			buildActionMask = 2147483647;
			files = (
			);
			runOnlyForDeploymentPostprocessing = 0;
		};
/* End PBXFrameworksBuildPhase section */

/* Begin PBXGroup section */
		0A110676213F18F900C87B4D = {
			isa = PBXGroup;
			children = (
				0A11068E213F1C9A00C87B4D /* encoder */,
				0A110699213F1CAF00C87B4D /* decoder */,
				0A980F9E213F2D05003A110D /* binaryOut */,
				0A110680213F18F900C87B4D /* Products */,
			);
			sourceTree = "<group>";
		};
		0A110680213F18F900C87B4D /* Products */ = {
			isa = PBXGroup;
			children = (
				0A11068D213F1C9A00C87B4D /* encoder */,
				0A110698213F1CAF00C87B4D /* decoder */,
				0A980F9D213F2D05003A110D /* binaryOut */,
			);
			name = Products;
			sourceTree = "<group>";
		};
		0A11068E213F1C9A00C87B4D /* encoder */ = {
			isa = PBXGroup;
			children = (
				0A11068F213F1C9A00C87B4D /* main.cpp */,
			);
			path = encoder;
			sourceTree = "<group>";
		};
		0A110699213F1CAF00C87B4D /* decoder */ = {
			isa = PBXGroup;
			children = (
				0A11069A213F1CAF00C87B4D /* main.cpp */,
			);
			path = decoder;
			sourceTree = "<group>";
		};
		0A980F9E213F2D05003A110D /* binaryOut */ = {
			isa = PBXGroup;
			children = (
				0A980F9F213F2D05003A110D /* main.cpp */,
			);
			path = binaryOut;
			sourceTree = "<group>";
		};
/* End PBXGroup section */

/* Begin PBXNativeTarget section */
		0A11068C213F1C9A00C87B4D /* encoder */ = {
			isa = PBXNativeTarget;
			buildConfigurationList = 0A110693213F1C9A00C87B4D /* Build configuration list for PBXNativeTarget "encoder" */;
			buildPhases = (
				0A110689213F1C9A00C87B4D /* Sources */,
				0A11068A213F1C9A00C87B4D /* Frameworks */,
				0A11068B213F1C9A00C87B4D /* CopyFiles */,
			);
			buildRules = (
			);
			dependencies = (
			);
			name = encoder;
			productName = encoder;
			productReference = 0A11068D213F1C9A00C87B4D /* encoder */;
			productType = "com.apple.product-type.tool";
		};
		0A110697213F1CAF00C87B4D /* decoder */ = {
			isa = PBXNativeTarget;
			buildConfigurationList = 0A11069C213F1CAF00C87B4D /* Build configuration list for PBXNativeTarget "decoder" */;
			buildPhases = (
				0A110694213F1CAF00C87B4D /* Sources */,
				0A110695213F1CAF00C87B4D /* Frameworks */,
				0A110696213F1CAF00C87B4D /* CopyFiles */,
			);
			buildRules = (
			);
			dependencies = (
			);
			name = decoder;
			productName = decoder;
			productReference = 0A110698213F1CAF00C87B4D /* decoder */;
			productType = "com.apple.product-type.tool";
		};
		0A980F9C213F2D05003A110D /* binaryOut */ = {
			isa = PBXNativeTarget;
			buildConfigurationList = 0A980FA3213F2D05003A110D /* Build configuration list for PBXNativeTarget "binaryOut" */;
			buildPhases = (
				0A980F99213F2D05003A110D /* Sources */,
				0A980F9A213F2D05003A110D /* Frameworks */,
				0A980F9B213F2D05003A110D /* CopyFiles */,
			);
			buildRules = (
			);
			dependencies = (
			);
			name = binaryOut;
			productName = binaryOut;
			productReference = 0A980F9D213F2D05003A110D /* binaryOut */;
			productType = "com.apple.product-type.tool";
		};
/* End PBXNativeTarget section */

/* Begin PBXProject section */
		0A110677213F18F900C87B4D /* Project object */ = {
			isa = PBXProject;
			attributes = {
				LastUpgradeCheck = 0940;
				ORGANIZATIONNAME = "Must Studio";
				TargetAttributes = {
					0A11068C213F1C9A00C87B4D = {
						CreatedOnToolsVersion = 9.4.1;
					};
					0A110697213F1CAF00C87B4D = {
						CreatedOnToolsVersion = 9.4.1;
					};
					0A980F9C213F2D05003A110D = {
						CreatedOnToolsVersion = 9.4.1;
					};
				};
			};
			buildConfigurationList = 0A11067A213F18F900C87B4D /* Build configuration list for PBXProject "golomb compression" */;
			compatibilityVersion = "Xcode 9.3";
			developmentRegion = en;
			hasScannedForEncodings = 0;
			knownRegions = (
				en,
			);
			mainGroup = 0A110676213F18F900C87B4D;
			productRefGroup = 0A110680213F18F900C87B4D /* Products */;
			projectDirPath = "";
			projectRoot = "";
			targets = (
				0A11068C213F1C9A00C87B4D /* encoder */,
				0A110697213F1CAF00C87B4D /* decoder */,
				0A980F9C213F2D05003A110D /* binaryOut */,
			);
		};
/* End PBXProject section */

/* Begin PBXSourcesBuildPhase section */
		0A110689213F1C9A00C87B4D /* Sources */ = {
			isa = PBXSourcesBuildPhase;
			buildActionMask = 2147483647;
			files = (
				0A110690213F1C9A00C87B4D /* main.cpp in Sources */,
			);
			runOnlyForDeploymentPostprocessing = 0;
		};
		0A110694213F1CAF00C87B4D /* Sources */ = {
			isa = PBXSourcesBuildPhase;
			buildActionMask = 2147483647;
			files = (
				0A11069B213F1CAF00C87B4D /* main.cpp in Sources */,
			);
			runOnlyForDeploymentPostprocessing = 0;
		};
		0A980F99213F2D05003A110D /* Sources */ = {
			isa = PBXSourcesBuildPhase;
			buildActionMask = 2147483647;
			files = (
				0A980FA0213F2D05003A110D /* main.cpp in Sources */,
			);
			runOnlyForDeploymentPostprocessing = 0;
		};
/* End PBXSourcesBuildPhase section */

/* Begin XCBuildConfiguration section */
		0A110684213F18F900C87B4D /* Debug */ = {
			isa = XCBuildConfiguration;
			buildSettings = {
				ALWAYS_SEARCH_USER_PATHS = NO;
				CLANG_ANALYZER_NONNULL = YES;
				CLANG_ANALYZER_NUMBER_OBJECT_CONVERSION = YES_AGGRESSIVE;
				CLANG_CXX_LANGUAGE_STANDARD = "gnu++14";
				CLANG_CXX_LIBRARY = "libc++";
				CLANG_ENABLE_MODULES = YES;
				CLANG_ENABLE_OBJC_ARC = YES;
				CLANG_ENABLE_OBJC_WEAK = YES;
				CLANG_WARN_BLOCK_CAPTURE_AUTORELEASING = YES;
				CLANG_WARN_BOOL_CONVERSION = YES;
				CLANG_WARN_COMMA = YES;
				CLANG_WARN_CONSTANT_CONVERSION = YES;
				CLANG_WARN_DEPRECATED_OBJC_IMPLEMENTATIONS = YES;
				CLANG_WARN_DIRECT_OBJC_ISA_USAGE = YES_ERROR;
				CLANG_WARN_DOCUMENTATION_COMMENTS = YES;
				CLANG_WARN_EMPTY_BODY = YES;
				CLANG_WARN_ENUM_CONVERSION = YES;
				CLANG_WARN_INFINITE_RECURSION = YES;
				CLANG_WARN_INT_CONVERSION = YES;
				CLANG_WARN_NON_LITERAL_NULL_CONVERSION = YES;
				CLANG_WARN_OBJC_IMPLICIT_RETAIN_SELF = YES;
				CLANG_WARN_OBJC_LITERAL_CONVERSION = YES;
				CLANG_WARN_OBJC_ROOT_CLASS = YES_ERROR;
				CLANG_WARN_RANGE_LOOP_ANALYSIS = YES;
				CLANG_WARN_STRICT_PROTOTYPES = YES;
				CLANG_WARN_SUSPICIOUS_MOVE = YES;
				CLANG_WARN_UNGUARDED_AVAILABILITY = YES_AGGRESSIVE;
				CLANG_WARN_UNREACHABLE_CODE = YES;
				CLANG_WARN__DUPLICATE_METHOD_MATCH = YES;
				CODE_SIGN_IDENTITY = "-";
				COPY_PHASE_STRIP = NO;
				DEBUG_INFORMATION_FORMAT = dwarf;
				ENABLE_STRICT_OBJC_MSGSEND = YES;
				ENABLE_TESTABILITY = YES;
				GCC_C_LANGUAGE_STANDARD = gnu11;
				GCC_DYNAMIC_NO_PIC = NO;
				GCC_NO_COMMON_BLOCKS = YES;
				GCC_OPTIMIZATION_LEVEL = 0;
				GCC_PREPROCESSOR_DEFINITIONS = (
					"DEBUG=1",
					"$(inherited)",
				);
				GCC_WARN_64_TO_32_BIT_CONVERSION = YES;
				GCC_WARN_ABOUT_RETURN_TYPE = YES_ERROR;
				GCC_WARN_UNDECLARED_SELECTOR = YES;
				GCC_WARN_UNINITIALIZED_AUTOS = YES_AGGRESSIVE;
				GCC_WARN_UNUSED_FUNCTION = YES;
				GCC_WARN_UNUSED_VARIABLE = YES;
				MACOSX_DEPLOYMENT_TARGET = 10.13;
				MTL_ENABLE_DEBUG_INFO = YES;
				ONLY_ACTIVE_ARCH = YES;
				SDKROOT = macosx;
			};
			name = Debug;
		};
		0A110685213F18F900C87B4D /* Release */ = {
			isa = XCBuildConfiguration;
			buildSettings = {
				ALWAYS_SEARCH_USER_PATHS = NO;
				CLANG_ANALYZER_NONNULL = YES;
				CLANG_ANALYZER_NUMBER_OBJECT_CONVERSION = YES_AGGRESSIVE;
				CLANG_CXX_LANGUAGE_STANDARD = "gnu++14";
				CLANG_CXX_LIBRARY = "libc++";
				CLANG_ENABLE_MODULES = YES;
				CLANG_ENABLE_OBJC_ARC = YES;
				CLANG_ENABLE_OBJC_WEAK = YES;
				CLANG_WARN_BLOCK_CAPTURE_AUTORELEASING = YES;
				CLANG_WARN_BOOL_CONVERSION = YES;
				CLANG_WARN_COMMA = YES;
				CLANG_WARN_CONSTANT_CONVERSION = YES;
				CLANG_WARN_DEPRECATED_OBJC_IMPLEMENTATIONS = YES;
				CLANG_WARN_DIRECT_OBJC_ISA_USAGE = YES_ERROR;
				CLANG_WARN_DOCUMENTATION_COMMENTS = YES;
				CLANG_WARN_EMPTY_BODY = YES;
				CLANG_WARN_ENUM_CONVERSION = YES;
				CLANG_WARN_INFINITE_RECURSION = YES;
				CLANG_WARN_INT_CONVERSION = YES;
				CLANG_WARN_NON_LITERAL_NULL_CONVERSION = YES;
				CLANG_WARN_OBJC_IMPLICIT_RETAIN_SELF = YES;
				CLANG_WARN_OBJC_LITERAL_CONVERSION = YES;
				CLANG_WARN_OBJC_ROOT_CLASS = YES_ERROR;
				CLANG_WARN_RANGE_LOOP_ANALYSIS = YES;
				CLANG_WARN_STRICT_PROTOTYPES = YES;
				CLANG_WARN_SUSPICIOUS_MOVE = YES;
				CLANG_WARN_UNGUARDED_AVAILABILITY = YES_AGGRESSIVE;
				CLANG_WARN_UNREACHABLE_CODE = YES;
				CLANG_WARN__DUPLICATE_METHOD_MATCH = YES;
				CODE_SIGN_IDENTITY = "-";
				COPY_PHASE_STRIP = NO;
				DEBUG_INFORMATION_FORMAT = "dwarf-with-dsym";
				ENABLE_NS_ASSERTIONS = NO;
				ENABLE_STRICT_OBJC_MSGSEND = YES;
				GCC_C_LANGUAGE_STANDARD = gnu11;
				GCC_NO_COMMON_BLOCKS = YES;
				GCC_WARN_64_TO_32_BIT_CONVERSION = YES;
				GCC_WARN_ABOUT_RETURN_TYPE = YES_ERROR;
				GCC_WARN_UNDECLARED_SELECTOR = YES;
				GCC_WARN_UNINITIALIZED_AUTOS = YES_AGGRESSIVE;
				GCC_WARN_UNUSED_FUNCTION = YES;
				GCC_WARN_UNUSED_VARIABLE = YES;
				MACOSX_DEPLOYMENT_TARGET = 10.13;
				MTL_ENABLE_DEBUG_INFO = NO;
				SDKROOT = macosx;
			};
			name = Release;
		};
		0A110691213F1C9A00C87B4D /* Debug */ = {
			isa = XCBuildConfiguration;
			buildSettings = {
				CODE_SIGN_STYLE = Automatic;
				PRODUCT_NAME = "$(TARGET_NAME)";
			};
			name = Debug;
		};
		0A110692213F1C9A00C87B4D /* Release */ = {
			isa = XCBuildConfiguration;
			buildSettings = {
				CODE_SIGN_STYLE = Automatic;
				PRODUCT_NAME = "$(TARGET_NAME)";
			};
			name = Release;
		};
		0A11069D213F1CAF00C87B4D /* Debug */ = {
			isa = XCBuildConfiguration;
			buildSettings = {
				CODE_SIGN_STYLE = Automatic;
				PRODUCT_NAME = "$(TARGET_NAME)";
			};
			name = Debug;
		};
		0A11069E213F1CAF00C87B4D /* Release */ = {
			isa = XCBuildConfiguration;
			buildSettings = {
				CODE_SIGN_STYLE = Automatic;
				PRODUCT_NAME = "$(TARGET_NAME)";
			};
			name = Release;
		};
		0A980FA1213F2D05003A110D /* Debug */ = {
			isa = XCBuildConfiguration;
			buildSettings = {
				CODE_SIGN_STYLE = Automatic;
				PRODUCT_NAME = "$(TARGET_NAME)";
			};
			name = Debug;
		};
		0A980FA2213F2D05003A110D /* Release */ = {
			isa = XCBuildConfiguration;
			buildSettings = {
				CODE_SIGN_STYLE = Automatic;
				PRODUCT_NAME = "$(TARGET_NAME)";
			};
			name = Release;
		};
/* End XCBuildConfiguration section */

/* Begin XCConfigurationList section */
		0A11067A213F18F900C87B4D /* Build configuration list for PBXProject "golomb compression" */ = {
			isa = XCConfigurationList;
			buildConfigurations = (
				0A110684213F18F900C87B4D /* Debug */,
				0A110685213F18F900C87B4D /* Release */,
			);
			defaultConfigurationIsVisible = 0;
			defaultConfigurationName = Release;
		};
		0A110693213F1C9A00C87B4D /* Build configuration list for PBXNativeTarget "encoder" */ = {
			isa = XCConfigurationList;
			buildConfigurations = (
				0A110691213F1C9A00C87B4D /* Debug */,
				0A110692213F1C9A00C87B4D /* Release */,
			);
			defaultConfigurationIsVisible = 0;
			defaultConfigurationName = Release;
		};
		0A11069C213F1CAF00C87B4D /* Build configuration list for PBXNativeTarget "decoder" */ = {
			isa = XCConfigurationList;
			buildConfigurations = (
				0A11069D213F1CAF00C87B4D /* Debug */,
				0A11069E213F1CAF00C87B4D /* Release */,
			);
			defaultConfigurationIsVisible = 0;
			defaultConfigurationName = Release;
		};
		0A980FA3213F2D05003A110D /* Build configuration list for PBXNativeTarget "binaryOut" */ = {
			isa = XCConfigurationList;
			buildConfigurations = (
				0A980FA1213F2D05003A110D /* Debug */,
				0A980FA2213F2D05003A110D /* Release */,
			);
			defaultConfigurationIsVisible = 0;
			defaultConfigurationName = Release;
		};
/* End XCConfigurationList section */
	};
	rootObject = 0A110677213F18F900C87B4D /* Project object */;
}
